
Microsoft Visual Studio Solution File, Format Version 12.00
# Visual Studio 2012
Project("{FAE04EC0-301F-11D3-BF4B-00C04F79EFBC}") = "AndroidSample", "AndroidSample.csproj", "{C84257D2-1D7D-4700-B18A-4844459EB703}"
EndProject
Global
	GlobalSection(SolutionConfigurationPlatforms) = preSolution
		Debug|Any CPU = Debug|Any CPU
		Release|Any CPU = Release|Any CPU
	EndGlobalSection
	GlobalSection(ProjectConfigurationPlatforms) = postSolution
		{C84257D2-1D7D-4700-B18A-4844459EB703}.Debug|Any CPU.ActiveCfg = Debug|Any CPU
		{C84257D2-1D7D-4700-B18A-4844459EB703}.Debug|Any CPU.Build.0 = Debug|Any CPU
		{C84257D2-1D7D-4700-B18A-4844459EB703}.Release|Any CPU.ActiveCfg = Release|Any CPU
		{C84257D2-1D7D-4700-B18A-4844459EB703}.Release|Any CPU.Build.0 = Release|Any CPU
	EndGlobalSection
EndGlobal
